
Microsoft Visual Studio Solution File, Format Version 12.00
# Visual Studio Version 16
VisualStudioVersion = 16.0.31005.135
MinimumVisualStudioVersion = 10.0.40219.1
Project("{FAE04EC0-301F-11D3-BF4B-00C04F79EFBC}") = "Tests", "Tests\Tests\Tests.csproj", "{28423602-1808-445A-B32D-73F123832B79}"
	ProjectSection(ProjectDependencies) = postProject
		{E6C45A1A-3DCE-4C16-8A41-9417E16A86FD} = {E6C45A1A-3DCE-4C16-8A41-9417E16A86FD}
		{0E290EC8-6AA2-4DD0-9B35-C0291403B5EC} = {0E290EC8-6AA2-4DD0-9B35-C0291403B5EC}
	EndProjectSection
EndProject
Project("{9A19103F-16F7-4668-BE54-9A1E7A4F7556}") = "TestFilesSpecialForMe", "Views\TestFilesSpecialForMe.csproj", "{94104AC1-D41C-41FB-A99C-0C5286C3E0B1}"
EndProject
Project("{FAE04EC0-301F-11D3-BF4B-00C04F79EFBC}") = "MyViews", "MyViews\MyViews.csproj", "{0E290EC8-6AA2-4DD0-9B35-C0291403B5EC}"
EndProject
Project("{9A19103F-16F7-4668-BE54-9A1E7A4F7556}") = "MyGameModelNew", "MyGameModelNew\MyGameModelNew.csproj", "{E6C45A1A-3DCE-4C16-8A41-9417E16A86FD}"
EndProject
Global
	GlobalSection(SolutionConfigurationPlatforms) = preSolution
		Debug|Any CPU = Debug|Any CPU
		Release|Any CPU = Release|Any CPU
	EndGlobalSection
	GlobalSection(ProjectConfigurationPlatforms) = postSolution
		{28423602-1808-445A-B32D-73F123832B79}.Debug|Any CPU.ActiveCfg = Debug|Any CPU
		{28423602-1808-445A-B32D-73F123832B79}.Debug|Any CPU.Build.0 = Debug|Any CPU
		{28423602-1808-445A-B32D-73F123832B79}.Release|Any CPU.ActiveCfg = Release|Any CPU
		{28423602-1808-445A-B32D-73F123832B79}.Release|Any CPU.Build.0 = Release|Any CPU
		{94104AC1-D41C-41FB-A99C-0C5286C3E0B1}.Debug|Any CPU.ActiveCfg = Debug|Any CPU
		{94104AC1-D41C-41FB-A99C-0C5286C3E0B1}.Debug|Any CPU.Build.0 = Debug|Any CPU
		{94104AC1-D41C-41FB-A99C-0C5286C3E0B1}.Release|Any CPU.ActiveCfg = Release|Any CPU
		{94104AC1-D41C-41FB-A99C-0C5286C3E0B1}.Release|Any CPU.Build.0 = Release|Any CPU
		{0E290EC8-6AA2-4DD0-9B35-C0291403B5EC}.Debug|Any CPU.ActiveCfg = Debug|Any CPU
		{0E290EC8-6AA2-4DD0-9B35-C0291403B5EC}.Debug|Any CPU.Build.0 = Debug|Any CPU
		{0E290EC8-6AA2-4DD0-9B35-C0291403B5EC}.Release|Any CPU.ActiveCfg = Release|Any CPU
		{0E290EC8-6AA2-4DD0-9B35-C0291403B5EC}.Release|Any CPU.Build.0 = Release|Any CPU
		{E6C45A1A-3DCE-4C16-8A41-9417E16A86FD}.Debug|Any CPU.ActiveCfg = Debug|Any CPU
		{E6C45A1A-3DCE-4C16-8A41-9417E16A86FD}.Debug|Any CPU.Build.0 = Debug|Any CPU
		{E6C45A1A-3DCE-4C16-8A41-9417E16A86FD}.Release|Any CPU.ActiveCfg = Release|Any CPU
		{E6C45A1A-3DCE-4C16-8A41-9417E16A86FD}.Release|Any CPU.Build.0 = Release|Any CPU
	EndGlobalSection
	GlobalSection(SolutionProperties) = preSolution
		HideSolutionNode = FALSE
	EndGlobalSection
	GlobalSection(ExtensibilityGlobals) = postSolution
		SolutionGuid = {428327C7-4E57-49ED-A52F-6926671AACCA}
	EndGlobalSection
EndGlobal
